// !$*UTF8*$!
{
	archiveVersion = 1;
	classes = {
	};
	objectVersion = 77;
	objects = {

/* Begin PBXContainerItemProxy section */
		5FA0D7DC2DDFE4940082CF73 /* PBXContainerItemProxy */ = {
			isa = PBXContainerItemProxy;
			containerPortal = 5FA0D7C62DDFE4920082CF73 /* Project object */;
			proxyType = 1;
			remoteGlobalIDString = 5FA0D7CD2DDFE4920082CF73;
			remoteInfo = BestMe;
		};
		5FA0D7E62DDFE4940082CF73 /* PBXContainerItemProxy */ = {
			isa = PBXContainerItemProxy;
			containerPortal = 5FA0D7C62DDFE4920082CF73 /* Project object */;
			proxyType = 1;
			remoteGlobalIDString = 5FA0D7CD2DDFE4920082CF73;
			remoteInfo = BestMe;
		};
/* End PBXContainerItemProxy section */

/* Begin PBXFileReference section */
		5FA0D7CE2DDFE4920082CF73 /* BestMe.app */ = {isa = PBXFileReference; explicitFileType = wrapper.application; includeInIndex = 0; path = BestMe.app; sourceTree = BUILT_PRODUCTS_DIR; };
		5FA0D7DB2DDFE4940082CF73 /* BestMeTests.xctest */ = {isa = PBXFileReference; explicitFileType = wrapper.cfbundle; includeInIndex = 0; path = BestMeTests.xctest; sourceTree = BUILT_PRODUCTS_DIR; };
		5FA0D7E52DDFE4940082CF73 /* BestMeUITests.xctest */ = {isa = PBXFileReference; explicitFileType = wrapper.cfbundle; includeInIndex = 0; path = BestMeUITests.xctest; sourceTree = BUILT_PRODUCTS_DIR; };
/* End PBXFileReference section */

/* Begin PBXFileSystemSynchronizedRootGroup section */
		5FA0D7D02DDFE4920082CF73 /* BestMe */ = {
			isa = PBXFileSystemSynchronizedRootGroup;
			path = BestMe;
			sourceTree = "<group>";
		};
		5FA0D7DE2DDFE4940082CF73 /* BestMeTests */ = {
			isa = PBXFileSystemSynchronizedRootGroup;
			path = BestMeTests;
			sourceTree = "<group>";
		};
		5FA0D7E82DDFE4940082CF73 /* BestMeUITests */ = {
			isa = PBXFileSystemSynchronizedRootGroup;
			path = BestMeUITests;
			sourceTree = "<group>";
		};
/* End PBXFileSystemSynchronizedRootGroup section */

/* Begin PBXFrameworksBuildPhase section */
		5FA0D7CB2DDFE4920082CF73 /* Frameworks */ = {
			isa = PBXFrameworksBuildPhase;
			buildActionMask = 2147483647;
			files = (
			);
			runOnlyForDeploymentPostprocessing = 0;
		};
		5FA0D7D82DDFE4940082CF73 /* Frameworks */ = {
			isa = PBXFrameworksBuildPhase;
			buildActionMask = 2147483647;
			files = (
			);
			runOnlyForDeploymentPostprocessing = 0;
		};
		5FA0D7E22DDFE4940082CF73 /* Frameworks */ = {
			isa = PBXFrameworksBuildPhase;
			buildActionMask = 2147483647;
			files = (
			);
			runOnlyForDeploymentPostprocessing = 0;
		};
/* End PBXFrameworksBuildPhase section */

/* Begin PBXGroup section */
		5FA0D7C52DDFE4920082CF73 = {
			isa = PBXGroup;
			children = (
				5FA0D7D02DDFE4920082CF73 /* BestMe */,
				5FA0D7DE2DDFE4940082CF73 /* BestMeTests */,
				5FA0D7E82DDFE4940082CF73 /* BestMeUITests */,
				5FA0D7CF2DDFE4920082CF73 /* Products */,
			);
			sourceTree = "<group>";
		};
		5FA0D7CF2DDFE4920082CF73 /* Products */ = {
			isa = PBXGroup;
			children = (
				5FA0D7CE2DDFE4920082CF73 /* BestMe.app */,
				5FA0D7DB2DDFE4940082CF73 /* BestMeTests.xctest */,
				5FA0D7E52DDFE4940082CF73 /* BestMeUITests.xctest */,
			);
			name = Products;
			sourceTree = "<group>";
		};
/* End PBXGroup section */

/* Begin PBXNativeTarget section */
		5FA0D7CD2DDFE4920082CF73 /* BestMe */ = {
			isa = PBXNativeTarget;
			buildConfigurationList = 5FA0D7EF2DDFE4940082CF73 /* Build configuration list for PBXNativeTarget "BestMe" */;
			buildPhases = (
				5FA0D7CA2DDFE4920082CF73 /* Sources */,
				5FA0D7CB2DDFE4920082CF73 /* Frameworks */,
				5FA0D7CC2DDFE4920082CF73 /* Resources */,
			);
			buildRules = (
			);
			dependencies = (
			);
			fileSystemSynchronizedGroups = (
				5FA0D7D02DDFE4920082CF73 /* BestMe */,
			);
			name = BestMe;
			packageProductDependencies = (
			);
			productName = BestMe;
			productReference = 5FA0D7CE2DDFE4920082CF73 /* BestMe.app */;
			productType = "com.apple.product-type.application";
		};
		5FA0D7DA2DDFE4940082CF73 /* BestMeTests */ = {
			isa = PBXNativeTarget;
			buildConfigurationList = 5FA0D7F22DDFE4940082CF73 /* Build configuration list for PBXNativeTarget "BestMeTests" */;
			buildPhases = (
				5FA0D7D72DDFE4940082CF73 /* Sources */,
				5FA0D7D82DDFE4940082CF73 /* Frameworks */,
				5FA0D7D92DDFE4940082CF73 /* Resources */,
			);
			buildRules = (
			);
			dependencies = (
				5FA0D7DD2DDFE4940082CF73 /* PBXTargetDependency */,
			);
			fileSystemSynchronizedGroups = (
				5FA0D7DE2DDFE4940082CF73 /* BestMeTests */,
			);
			name = BestMeTests;
			packageProductDependencies = (
			);
			productName = BestMeTests;
			productReference = 5FA0D7DB2DDFE4940082CF73 /* BestMeTests.xctest */;
			productType = "com.apple.product-type.bundle.unit-test";
		};
		5FA0D7E42DDFE4940082CF73 /* BestMeUITests */ = {
			isa = PBXNativeTarget;
			buildConfigurationList = 5FA0D7F52DDFE4940082CF73 /* Build configuration list for PBXNativeTarget "BestMeUITests" */;
			buildPhases = (
				5FA0D7E12DDFE4940082CF73 /* Sources */,
				5FA0D7E22DDFE4940082CF73 /* Frameworks */,
				5FA0D7E32DDFE4940082CF73 /* Resources */,
			);
			buildRules = (
			);
			dependencies = (
				5FA0D7E72DDFE4940082CF73 /* PBXTargetDependency */,
			);
			fileSystemSynchronizedGroups = (
				5FA0D7E82DDFE4940082CF73 /* BestMeUITests */,
			);
			name = BestMeUITests;
			packageProductDependencies = (
			);
			productName = BestMeUITests;
			productReference = 5FA0D7E52DDFE4940082CF73 /* BestMeUITests.xctest */;
			productType = "com.apple.product-type.bundle.ui-testing";
		};
/* End PBXNativeTarget section */

/* Begin PBXProject section */
		5FA0D7C62DDFE4920082CF73 /* Project object */ = {
			isa = PBXProject;
			attributes = {
				BuildIndependentTargetsInParallel = 1;
				LastSwiftUpdateCheck = 1630;
				LastUpgradeCheck = 1630;
				TargetAttributes = {
					5FA0D7CD2DDFE4920082CF73 = {
						CreatedOnToolsVersion = 16.3;
					};
					5FA0D7DA2DDFE4940082CF73 = {
						CreatedOnToolsVersion = 16.3;
						TestTargetID = 5FA0D7CD2DDFE4920082CF73;
					};
					5FA0D7E42DDFE4940082CF73 = {
						CreatedOnToolsVersion = 16.3;
						TestTargetID = 5FA0D7CD2DDFE4920082CF73;
					};
				};
			};
			buildConfigurationList = 5FA0D7C92DDFE4920082CF73 /* Build configuration list for PBXProject "BestMe" */;
			developmentRegion = en;
			hasScannedForEncodings = 0;
			knownRegions = (
				en,
				Base,
			);
			mainGroup = 5FA0D7C52DDFE4920082CF73;
			minimizedProjectReferenceProxies = 1;
			preferredProjectObjectVersion = 77;
			productRefGroup = 5FA0D7CF2DDFE4920082CF73 /* Products */;
			projectDirPath = "";
			projectRoot = "";
			targets = (
				5FA0D7CD2DDFE4920082CF73 /* BestMe */,
				5FA0D7DA2DDFE4940082CF73 /* BestMeTests */,
				5FA0D7E42DDFE4940082CF73 /* BestMeUITests */,
			);
		};
/* End PBXProject section */

/* Begin PBXResourcesBuildPhase section */
		5FA0D7CC2DDFE4920082CF73 /* Resources */ = {
			isa = PBXResourcesBuildPhase;
			buildActionMask = 2147483647;
			files = (
			);
			runOnlyForDeploymentPostprocessing = 0;
		};
		5FA0D7D92DDFE4940082CF73 /* Resources */ = {
			isa = PBXResourcesBuildPhase;
			buildActionMask = 2147483647;
			files = (
			);
			runOnlyForDeploymentPostprocessing = 0;
		};
		5FA0D7E32DDFE4940082CF73 /* Resources */ = {
			isa = PBXResourcesBuildPhase;
			buildActionMask = 2147483647;
			files = (
			);
			runOnlyForDeploymentPostprocessing = 0;
		};
/* End PBXResourcesBuildPhase section */

/* Begin PBXSourcesBuildPhase section */
		5FA0D7CA2DDFE4920082CF73 /* Sources */ = {
			isa = PBXSourcesBuildPhase;
			buildActionMask = 2147483647;
			files = (
			);
			runOnlyForDeploymentPostprocessing = 0;
		};
		5FA0D7D72DDFE4940082CF73 /* Sources */ = {
			isa = PBXSourcesBuildPhase;
			buildActionMask = 2147483647;
			files = (
			);
			runOnlyForDeploymentPostprocessing = 0;
		};
		5FA0D7E12DDFE4940082CF73 /* Sources */ = {
			isa = PBXSourcesBuildPhase;
			buildActionMask = 2147483647;
			files = (
			);
			runOnlyForDeploymentPostprocessing = 0;
		};
/* End PBXSourcesBuildPhase section */

/* Begin PBXTargetDependency section */
		5FA0D7DD2DDFE4940082CF73 /* PBXTargetDependency */ = {
			isa = PBXTargetDependency;
			target = 5FA0D7CD2DDFE4920082CF73 /* BestMe */;
			targetProxy = 5FA0D7DC2DDFE4940082CF73 /* PBXContainerItemProxy */;
		};
		5FA0D7E72DDFE4940082CF73 /* PBXTargetDependency */ = {
			isa = PBXTargetDependency;
			target = 5FA0D7CD2DDFE4920082CF73 /* BestMe */;
			targetProxy = 5FA0D7E62DDFE4940082CF73 /* PBXContainerItemProxy */;
		};
/* End PBXTargetDependency section */

/* Begin XCBuildConfiguration section */
		5FA0D7ED2DDFE4940082CF73 /* Debug */ = {
			isa = XCBuildConfiguration;
			buildSettings = {
				ALWAYS_SEARCH_USER_PATHS = NO;
				ASSETCATALOG_COMPILER_GENERATE_SWIFT_ASSET_SYMBOL_EXTENSIONS = YES;
				CLANG_ANALYZER_NONNULL = YES;
				CLANG_ANALYZER_NUMBER_OBJECT_CONVERSION = YES_AGGRESSIVE;
				CLANG_CXX_LANGUAGE_STANDARD = "gnu++20";
				CLANG_ENABLE_MODULES = YES;
				CLANG_ENABLE_OBJC_ARC = YES;
				CLANG_ENABLE_OBJC_WEAK = YES;
				CLANG_WARN_BLOCK_CAPTURE_AUTORELEASING = YES;
				CLANG_WARN_BOOL_CONVERSION = YES;
				CLANG_WARN_COMMA = YES;
				CLANG_WARN_CONSTANT_CONVERSION = YES;
				CLANG_WARN_DEPRECATED_OBJC_IMPLEMENTATIONS = YES;
				CLANG_WARN_DIRECT_OBJC_ISA_USAGE = YES_ERROR;
				CLANG_WARN_DOCUMENTATION_COMMENTS = YES;
				CLANG_WARN_EMPTY_BODY = YES;
				CLANG_WARN_ENUM_CONVERSION = YES;
				CLANG_WARN_INFINITE_RECURSION = YES;
				CLANG_WARN_INT_CONVERSION = YES;
				CLANG_WARN_NON_LITERAL_NULL_CONVERSION = YES;
				CLANG_WARN_OBJC_IMPLICIT_RETAIN_SELF = YES;
				CLANG_WARN_OBJC_LITERAL_CONVERSION = YES;
				CLANG_WARN_OBJC_ROOT_CLASS = YES_ERROR;
				CLANG_WARN_QUOTED_INCLUDE_IN_FRAMEWORK_HEADER = YES;
				CLANG_WARN_RANGE_LOOP_ANALYSIS = YES;
				CLANG_WARN_STRICT_PROTOTYPES = YES;
				CLANG_WARN_SUSPICIOUS_MOVE = YES;
				CLANG_WARN_UNGUARDED_AVAILABILITY = YES_AGGRESSIVE;
				CLANG_WARN_UNREACHABLE_CODE = YES;
				CLANG_WARN__DUPLICATE_METHOD_MATCH = YES;
				COPY_PHASE_STRIP = NO;
				DEBUG_INFORMATION_FORMAT = dwarf;
				DEVELOPMENT_TEAM = H7NTC7BV3G;
				ENABLE_STRICT_OBJC_MSGSEND = YES;
				ENABLE_TESTABILITY = YES;
				ENABLE_USER_SCRIPT_SANDBOXING = YES;
				GCC_C_LANGUAGE_STANDARD = gnu17;
				GCC_DYNAMIC_NO_PIC = NO;
				GCC_NO_COMMON_BLOCKS = YES;
				GCC_OPTIMIZATION_LEVEL = 0;
				GCC_PREPROCESSOR_DEFINITIONS = (
					"DEBUG=1",
					"$(inherited)",
				);
				GCC_WARN_64_TO_32_BIT_CONVERSION = YES;
				GCC_WARN_ABOUT_RETURN_TYPE = YES_ERROR;
				GCC_WARN_UNDECLARED_SELECTOR = YES;
				GCC_WARN_UNINITIALIZED_AUTOS = YES_AGGRESSIVE;
				GCC_WARN_UNUSED_FUNCTION = YES;
				GCC_WARN_UNUSED_VARIABLE = YES;
				IPHONEOS_DEPLOYMENT_TARGET = 18.4;
				LOCALIZATION_PREFERS_STRING_CATALOGS = YES;
				MTL_ENABLE_DEBUG_INFO = INCLUDE_SOURCE;
				MTL_FAST_MATH = YES;
				ONLY_ACTIVE_ARCH = YES;
				SDKROOT = iphoneos;
				SWIFT_ACTIVE_COMPILATION_CONDITIONS = "DEBUG $(inherited)";
				SWIFT_OPTIMIZATION_LEVEL = "-Onone";
			};
			name = Debug;
		};
		5FA0D7EE2DDFE4940082CF73 /* Release */ = {
			isa = XCBuildConfiguration;
			buildSettings = {
				ALWAYS_SEARCH_USER_PATHS = NO;
				ASSETCATALOG_COMPILER_GENERATE_SWIFT_ASSET_SYMBOL_EXTENSIONS = YES;
				CLANG_ANALYZER_NONNULL = YES;
				CLANG_ANALYZER_NUMBER_OBJECT_CONVERSION = YES_AGGRESSIVE;
				CLANG_CXX_LANGUAGE_STANDARD = "gnu++20";
				CLANG_ENABLE_MODULES = YES;
				CLANG_ENABLE_OBJC_ARC = YES;
				CLANG_ENABLE_OBJC_WEAK = YES;
				CLANG_WARN_BLOCK_CAPTURE_AUTORELEASING = YES;
				CLANG_WARN_BOOL_CONVERSION = YES;
				CLANG_WARN_COMMA = YES;
				CLANG_WARN_CONSTANT_CONVERSION = YES;
				CLANG_WARN_DEPRECATED_OBJC_IMPLEMENTATIONS = YES;
				CLANG_WARN_DIRECT_OBJC_ISA_USAGE = YES_ERROR;
				CLANG_WARN_DOCUMENTATION_COMMENTS = YES;
				CLANG_WARN_EMPTY_BODY = YES;
				CLANG_WARN_ENUM_CONVERSION = YES;
				CLANG_WARN_INFINITE_RECURSION = YES;
				CLANG_WARN_INT_CONVERSION = YES;
				CLANG_WARN_NON_LITERAL_NULL_CONVERSION = YES;
				CLANG_WARN_OBJC_IMPLICIT_RETAIN_SELF = YES;
				CLANG_WARN_OBJC_LITERAL_CONVERSION = YES;
				CLANG_WARN_OBJC_ROOT_CLASS = YES_ERROR;
				CLANG_WARN_QUOTED_INCLUDE_IN_FRAMEWORK_HEADER = YES;
				CLANG_WARN_RANGE_LOOP_ANALYSIS = YES;
				CLANG_WARN_STRICT_PROTOTYPES = YES;
				CLANG_WARN_SUSPICIOUS_MOVE = YES;
				CLANG_WARN_UNGUARDED_AVAILABILITY = YES_AGGRESSIVE;
				CLANG_WARN_UNREACHABLE_CODE = YES;
				CLANG_WARN__DUPLICATE_METHOD_MATCH = YES;
				COPY_PHASE_STRIP = NO;
				DEBUG_INFORMATION_FORMAT = "dwarf-with-dsym";
				DEVELOPMENT_TEAM = H7NTC7BV3G;
				ENABLE_NS_ASSERTIONS = NO;
				ENABLE_STRICT_OBJC_MSGSEND = YES;
				ENABLE_USER_SCRIPT_SANDBOXING = YES;
				GCC_C_LANGUAGE_STANDARD = gnu17;
				GCC_NO_COMMON_BLOCKS = YES;
				GCC_WARN_64_TO_32_BIT_CONVERSION = YES;
				GCC_WARN_ABOUT_RETURN_TYPE = YES_ERROR;
				GCC_WARN_UNDECLARED_SELECTOR = YES;
				GCC_WARN_UNINITIALIZED_AUTOS = YES_AGGRESSIVE;
				GCC_WARN_UNUSED_FUNCTION = YES;
				GCC_WARN_UNUSED_VARIABLE = YES;
				IPHONEOS_DEPLOYMENT_TARGET = 18.4;
				LOCALIZATION_PREFERS_STRING_CATALOGS = YES;
				MTL_ENABLE_DEBUG_INFO = NO;
				MTL_FAST_MATH = YES;
				SDKROOT = iphoneos;
				SWIFT_COMPILATION_MODE = wholemodule;
				VALIDATE_PRODUCT = YES;
			};
			name = Release;
		};
		5FA0D7F02DDFE4940082CF73 /* Debug */ = {
			isa = XCBuildConfiguration;
			buildSettings = {
				ASSETCATALOG_COMPILER_APPICON_NAME = AppIcon;
				ASSETCATALOG_COMPILER_GLOBAL_ACCENT_COLOR_NAME = AccentColor;
				CODE_SIGN_STYLE = Automatic;
				CURRENT_PROJECT_VERSION = 1;
				DEVELOPMENT_TEAM = H7NTC7BV3G;
				ENABLE_PREVIEWS = YES;
				GENERATE_INFOPLIST_FILE = YES;
				INFOPLIST_KEY_UIApplicationSceneManifest_Generation = YES;
				INFOPLIST_KEY_UIApplicationSupportsIndirectInputEvents = YES;
				INFOPLIST_KEY_UILaunchScreen_Generation = YES;
				INFOPLIST_KEY_UISupportedInterfaceOrientations_iPad = "UIInterfaceOrientationPortrait UIInterfaceOrientationPortraitUpsideDown UIInterfaceOrientationLandscapeLeft UIInterfaceOrientationLandscapeRight";
				INFOPLIST_KEY_UISupportedInterfaceOrientations_iPhone = "UIInterfaceOrientationPortrait UIInterfaceOrientationLandscapeLeft UIInterfaceOrientationLandscapeRight";
				LD_RUNPATH_SEARCH_PATHS = (
					"$(inherited)",
					"@executable_path/Frameworks",
				);
				MARKETING_VERSION = 1.0;
				PRODUCT_BUNDLE_IDENTIFIER = com.Lifestyle.BestMe;
				PRODUCT_NAME = "$(TARGET_NAME)";
				SWIFT_EMIT_LOC_STRINGS = YES;
				SWIFT_VERSION = 5.0;
				TARGETED_DEVICE_FAMILY = "1,2";
			};
			name = Debug;
		};
		5FA0D7F12DDFE4940082CF73 /* Release */ = {
			isa = XCBuildConfiguration;
			buildSettings = {
				ASSETCATALOG_COMPILER_APPICON_NAME = AppIcon;
				ASSETCATALOG_COMPILER_GLOBAL_ACCENT_COLOR_NAME = AccentColor;
				CODE_SIGN_STYLE = Automatic;
				CURRENT_PROJECT_VERSION = 1;
				DEVELOPMENT_TEAM = H7NTC7BV3G;
				ENABLE_PREVIEWS = YES;
				GENERATE_INFOPLIST_FILE = YES;
				INFOPLIST_KEY_UIApplicationSceneManifest_Generation = YES;
				INFOPLIST_KEY_UIApplicationSupportsIndirectInputEvents = YES;
				INFOPLIST_KEY_UILaunchScreen_Generation = YES;
				INFOPLIST_KEY_UISupportedInterfaceOrientations_iPad = "UIInterfaceOrientationPortrait UIInterfaceOrientationPortraitUpsideDown UIInterfaceOrientationLandscapeLeft UIInterfaceOrientationLandscapeRight";
				INFOPLIST_KEY_UISupportedInterfaceOrientations_iPhone = "UIInterfaceOrientationPortrait UIInterfaceOrientationLandscapeLeft UIInterfaceOrientationLandscapeRight";
				LD_RUNPATH_SEARCH_PATHS = (
					"$(inherited)",
					"@executable_path/Frameworks",
				);
				MARKETING_VERSION = 1.0;
				PRODUCT_BUNDLE_IDENTIFIER = com.Lifestyle.BestMe;
				PRODUCT_NAME = "$(TARGET_NAME)";
				SWIFT_EMIT_LOC_STRINGS = YES;
				SWIFT_VERSION = 5.0;
				TARGETED_DEVICE_FAMILY = "1,2";
			};
			name = Release;
		};
		5FA0D7F32DDFE4940082CF73 /* Debug */ = {
			isa = XCBuildConfiguration;
			buildSettings = {
				BUNDLE_LOADER = "$(TEST_HOST)";
				CODE_SIGN_STYLE = Automatic;
				CURRENT_PROJECT_VERSION = 1;
				DEVELOPMENT_TEAM = H7NTC7BV3G;
				GENERATE_INFOPLIST_FILE = YES;
				IPHONEOS_DEPLOYMENT_TARGET = 18.4;
				MARKETING_VERSION = 1.0;
				PRODUCT_BUNDLE_IDENTIFIER = com.Lifestyle.BestMeTests;
				PRODUCT_NAME = "$(TARGET_NAME)";
				SWIFT_EMIT_LOC_STRINGS = NO;
				SWIFT_VERSION = 5.0;
				TARGETED_DEVICE_FAMILY = "1,2";
				TEST_HOST = "$(BUILT_PRODUCTS_DIR)/BestMe.app/$(BUNDLE_EXECUTABLE_FOLDER_PATH)/BestMe";
			};
			name = Debug;
		};
		5FA0D7F42DDFE4940082CF73 /* Release */ = {
			isa = XCBuildConfiguration;
			buildSettings = {
				BUNDLE_LOADER = "$(TEST_HOST)";
				CODE_SIGN_STYLE = Automatic;
				CURRENT_PROJECT_VERSION = 1;
				DEVELOPMENT_TEAM = H7NTC7BV3G;
				GENERATE_INFOPLIST_FILE = YES;
				IPHONEOS_DEPLOYMENT_TARGET = 18.4;
				MARKETING_VERSION = 1.0;
				PRODUCT_BUNDLE_IDENTIFIER = com.Lifestyle.BestMeTests;
				PRODUCT_NAME = "$(TARGET_NAME)";
				SWIFT_EMIT_LOC_STRINGS = NO;
				SWIFT_VERSION = 5.0;
				TARGETED_DEVICE_FAMILY = "1,2";
				TEST_HOST = "$(BUILT_PRODUCTS_DIR)/BestMe.app/$(BUNDLE_EXECUTABLE_FOLDER_PATH)/BestMe";
			};
			name = Release;
		};
		5FA0D7F62DDFE4940082CF73 /* Debug */ = {
			isa = XCBuildConfiguration;
			buildSettings = {
				CODE_SIGN_STYLE = Automatic;
				CURRENT_PROJECT_VERSION = 1;
				DEVELOPMENT_TEAM = H7NTC7BV3G;
				GENERATE_INFOPLIST_FILE = YES;
				MARKETING_VERSION = 1.0;
				PRODUCT_BUNDLE_IDENTIFIER = com.Lifestyle.BestMeUITests;
				PRODUCT_NAME = "$(TARGET_NAME)";
				SWIFT_EMIT_LOC_STRINGS = NO;
				SWIFT_VERSION = 5.0;
				TARGETED_DEVICE_FAMILY = "1,2";
				TEST_TARGET_NAME = BestMe;
			};
			name = Debug;
		};
		5FA0D7F72DDFE4940082CF73 /* Release */ = {
			isa = XCBuildConfiguration;
			buildSettings = {
				CODE_SIGN_STYLE = Automatic;
				CURRENT_PROJECT_VERSION = 1;
				DEVELOPMENT_TEAM = H7NTC7BV3G;
				GENERATE_INFOPLIST_FILE = YES;
				MARKETING_VERSION = 1.0;
				PRODUCT_BUNDLE_IDENTIFIER = com.Lifestyle.BestMeUITests;
				PRODUCT_NAME = "$(TARGET_NAME)";
				SWIFT_EMIT_LOC_STRINGS = NO;
				SWIFT_VERSION = 5.0;
				TARGETED_DEVICE_FAMILY = "1,2";
				TEST_TARGET_NAME = BestMe;
			};
			name = Release;
		};
/* End XCBuildConfiguration section */

/* Begin XCConfigurationList section */
		5FA0D7C92DDFE4920082CF73 /* Build configuration list for PBXProject "BestMe" */ = {
			isa = XCConfigurationList;
			buildConfigurations = (
				5FA0D7ED2DDFE4940082CF73 /* Debug */,
				5FA0D7EE2DDFE4940082CF73 /* Release */,
			);
			defaultConfigurationIsVisible = 0;
			defaultConfigurationName = Release;
		};
		5FA0D7EF2DDFE4940082CF73 /* Build configuration list for PBXNativeTarget "BestMe" */ = {
			isa = XCConfigurationList;
			buildConfigurations = (
				5FA0D7F02DDFE4940082CF73 /* Debug */,
				5FA0D7F12DDFE4940082CF73 /* Release */,
			);
			defaultConfigurationIsVisible = 0;
			defaultConfigurationName = Release;
		};
		5FA0D7F22DDFE4940082CF73 /* Build configuration list for PBXNativeTarget "BestMeTests" */ = {
			isa = XCConfigurationList;
			buildConfigurations = (
				5FA0D7F32DDFE4940082CF73 /* Debug */,
				5FA0D7F42DDFE4940082CF73 /* Release */,
			);
			defaultConfigurationIsVisible = 0;
			defaultConfigurationName = Release;
		};
		5FA0D7F52DDFE4940082CF73 /* Build configuration list for PBXNativeTarget "BestMeUITests" */ = {
			isa = XCConfigurationList;
			buildConfigurations = (
				5FA0D7F62DDFE4940082CF73 /* Debug */,
				5FA0D7F72DDFE4940082CF73 /* Release */,
			);
			defaultConfigurationIsVisible = 0;
			defaultConfigurationName = Release;
		};
/* End XCConfigurationList section */
	};
	rootObject = 5FA0D7C62DDFE4920082CF73 /* Project object */;
}
